github.com/davecgh/go-spew v1.1.0/go.mod h1:J7Y8YcW2NihsgmVo/mv3lAwl/skON4iLHjSsI+c5H38=
github.com/davecgh/go-spew v1.1.1/go.mod h1:J7Y8YcW2NihsgmVo/mv3lAwl/skON4iLHjSsI+c5H38=
github.com/iFaceless/godub v0.0.0-20200728093528-a30bb4d1a0f1 h1:oqeURuHQrImMykykqJgFbStlaDXyY7JpXXrwXyjr9ls=
github.com/iFaceless/godub v0.0.0-20200728093528-a30bb4d1a0f1/go.mod h1:tKRg0K9YmfD3eD6KFos+YHIVMouKMzxDSK5XpdxdCUI=
github.com/jybp/twitch-downloader v0.0.0-20240302154140-1ee750c1da03 h1:Z1wlIF+XCLq9+Ch1pzO/3EzXbL95lGRRx51X4zvt7SQ=
github.com/jybp/twitch-downloader v0.0.0-20240302154140-1ee750c1da03/go.mod h1:Af47+s8qWPWR+MbFUcskjntJE956FHki84O7jhel0oY=
github.com/kr/pretty v0.1.0/go.mod h1:dAy3ld7l9f0ibDNOQOHHMYYIIbhfbHSm3C4ZsoJORNo=
github.com/kr/pty v1.1.1/go.mod h1:pFQYn66WHrOpPYNljwOMqo10TkYh1fy3cYio2l3bCsQ=
github.com/kr/text v0.1.0/go.mod h1:4Jbv+DJW3UT/LiOwJeYQe1efqtUx/iVham/4vfdArNI=
github.com/pkg/errors v0.8.1 h1:iURUrRGxPUNPdy5/HRSm+Yj6okJ6UtLINN0Q9M4+h3I=
github.com/pkg/errors v0.8.1/go.mod h1:bwawxfHBFNV+L2hUp1rHADufV3IMtnDRdf1r5NINEl0=
github.com/pmezard/go-difflib v1.0.0/go.mod h1:iKH77koFhYxTK1pcRnkKkqfTogsbg7gZNVY4sRDYZ/4=
github.com/stretchr/objx v0.1.0/go.mod h1:HFkY916IF+rwdDfMAkV7OtwuqBVzrE8GR6GFx+wExME=
github.com/stretchr/testify v1.4.0/go.mod h1:j7eGeouHqKxXV5pUuKE4zz7dFj8WfuZ+81PSLYec5m4=
github.com/tink-ab/tempfile v0.0.0-20180226111222-33beb0518f1a h1:Qhm/9UKGO1+AjEKIsq8G72uCq4SrYxSxS5wiD0F3IC4=
github.com/tink-ab/tempfile v0.0.0-20180226111222-33beb0518f1a/go.mod h1:Wt5qSdcHgX6XkqZKAZTxnN+93jnqtx0jEgTQakpZ1CE=
gopkg.in/check.v1 v0.0.0-20161208181325-20d25e280405/go.mod h1:Co6ibVJAznAaIkqp8huTwlJQCZ016jof/cbN4VW5Yz0=
gopkg.in/check.v1 v1.0.0-20180628173108-788fd7840127/go.mod h1:Co6ibVJAznAaIkqp8huTwlJQCZ016jof/cbN4VW5Yz0=
gopkg.in/yaml.v2 v2.2.2/go.mod h1:hI93XBmqTisBFMUTm0b8Fm+jr3Dg1NNxqwp+5A1VGuI=
gopkg.in/yaml.v2 v2.4.0/go.mod h1:RDklbk79AGWmwhnvt/jBztapEOGDOx6ZbXqjP6csGnQ=
